
Microsoft Visual Studio Solution File, Format Version 12.00
# Visual Studio Version 17
VisualStudioVersion = 17.14.36414.22 d17.14
MinimumVisualStudioVersion = 10.0.40219.1
Project("{FAE04EC0-301F-11D3-BF4B-00C04F79EFBC}") = "sdfa3298", "sdfa3298\sdfa3298.csproj", "{6514F1CE-15B2-4054-83A3-BEEC17327C95}"
EndProject
Global
	GlobalSection(SolutionConfigurationPlatforms) = preSolution
		Debug|Any CPU = Debug|Any CPU
		Release|Any CPU = Release|Any CPU
	EndGlobalSection
	GlobalSection(ProjectConfigurationPlatforms) = postSolution
		{6514F1CE-15B2-4054-83A3-BEEC17327C95}.Debug|Any CPU.ActiveCfg = Debug|Any CPU
		{6514F1CE-15B2-4054-83A3-BEEC17327C95}.Debug|Any CPU.Build.0 = Debug|Any CPU
		{6514F1CE-15B2-4054-83A3-BEEC17327C95}.Release|Any CPU.ActiveCfg = Release|Any CPU
		{6514F1CE-15B2-4054-83A3-BEEC17327C95}.Release|Any CPU.Build.0 = Release|Any CPU
	EndGlobalSection
	GlobalSection(SolutionProperties) = preSolution
		HideSolutionNode = FALSE
	EndGlobalSection
	GlobalSection(ExtensibilityGlobals) = postSolution
		SolutionGuid = {1E8CB63A-7B48-4BBF-919F-CC3234A49208}
	EndGlobalSection
EndGlobal
